// !$*UTF8*$!
{
	archiveVersion = 1;
	classes = {
	};
	objectVersion = 46;
	objects = {

/* Begin PBXBuildFile section */
		6E5FCDE91CDB7DA2002B14A4 /* AppDelegate.swift in Sources */ = {isa = PBXBuildFile; fileRef = 6E5FCDE81CDB7DA2002B14A4 /* AppDelegate.swift */; };
		6E5FCDEB1CDB7DA2002B14A4 /* ViewController.swift in Sources */ = {isa = PBXBuildFile; fileRef = 6E5FCDEA1CDB7DA2002B14A4 /* ViewController.swift */; };
		6E5FCDEE1CDB7DA2002B14A4 /* Main.storyboard in Resources */ = {isa = PBXBuildFile; fileRef = 6E5FCDEC1CDB7DA2002B14A4 /* Main.storyboard */; };
		6E5FCDF01CDB7DA2002B14A4 /* Assets.xcassets in Resources */ = {isa = PBXBuildFile; fileRef = 6E5FCDEF1CDB7DA2002B14A4 /* Assets.xcassets */; };
		6E5FCDF31CDB7DA2002B14A4 /* LaunchScreen.storyboard in Resources */ = {isa = PBXBuildFile; fileRef = 6E5FCDF11CDB7DA2002B14A4 /* LaunchScreen.storyboard */; };
		6E5FCDFE1CDB7DA2002B14A4 /* homework9_1Tests.swift in Sources */ = {isa = PBXBuildFile; fileRef = 6E5FCDFD1CDB7DA2002B14A4 /* homework9_1Tests.swift */; };
		6E5FCE091CDB7DA2002B14A4 /* homework9_1UITests.swift in Sources */ = {isa = PBXBuildFile; fileRef = 6E5FCE081CDB7DA2002B14A4 /* homework9_1UITests.swift */; };
/* End PBXBuildFile section */

/* Begin PBXContainerItemProxy section */
		6E5FCDFA1CDB7DA2002B14A4 /* PBXContainerItemProxy */ = {
			isa = PBXContainerItemProxy;
			containerPortal = 6E5FCDDD1CDB7DA2002B14A4 /* Project object */;
			proxyType = 1;
			remoteGlobalIDString = 6E5FCDE41CDB7DA2002B14A4;
			remoteInfo = homework9_1;
		};
		6E5FCE051CDB7DA2002B14A4 /* PBXContainerItemProxy */ = {
			isa = PBXContainerItemProxy;
			containerPortal = 6E5FCDDD1CDB7DA2002B14A4 /* Project object */;
			proxyType = 1;
			remoteGlobalIDString = 6E5FCDE41CDB7DA2002B14A4;
			remoteInfo = homework9_1;
		};
/* End PBXContainerItemProxy section */

/* Begin PBXFileReference section */
		6E5FCDE51CDB7DA2002B14A4 /* homework9_1.app */ = {isa = PBXFileReference; explicitFileType = wrapper.application; includeInIndex = 0; path = homework9_1.app; sourceTree = BUILT_PRODUCTS_DIR; };
		6E5FCDE81CDB7DA2002B14A4 /* AppDelegate.swift */ = {isa = PBXFileReference; lastKnownFileType = sourcecode.swift; path = AppDelegate.swift; sourceTree = "<group>"; };
		6E5FCDEA1CDB7DA2002B14A4 /* ViewController.swift */ = {isa = PBXFileReference; lastKnownFileType = sourcecode.swift; path = ViewController.swift; sourceTree = "<group>"; };
		6E5FCDED1CDB7DA2002B14A4 /* Base */ = {isa = PBXFileReference; lastKnownFileType = file.storyboard; name = Base; path = Base.lproj/Main.storyboard; sourceTree = "<group>"; };
		6E5FCDEF1CDB7DA2002B14A4 /* Assets.xcassets */ = {isa = PBXFileReference; lastKnownFileType = folder.assetcatalog; path = Assets.xcassets; sourceTree = "<group>"; };
		6E5FCDF21CDB7DA2002B14A4 /* Base */ = {isa = PBXFileReference; lastKnownFileType = file.storyboard; name = Base; path = Base.lproj/LaunchScreen.storyboard; sourceTree = "<group>"; };
		6E5FCDF41CDB7DA2002B14A4 /* Info.plist */ = {isa = PBXFileReference; lastKnownFileType = text.plist.xml; path = Info.plist; sourceTree = "<group>"; };
		6E5FCDF91CDB7DA2002B14A4 /* homework9_1Tests.xctest */ = {isa = PBXFileReference; explicitFileType = wrapper.cfbundle; includeInIndex = 0; path = homework9_1Tests.xctest; sourceTree = BUILT_PRODUCTS_DIR; };
		6E5FCDFD1CDB7DA2002B14A4 /* homework9_1Tests.swift */ = {isa = PBXFileReference; lastKnownFileType = sourcecode.swift; path = homework9_1Tests.swift; sourceTree = "<group>"; };
		6E5FCDFF1CDB7DA2002B14A4 /* Info.plist */ = {isa = PBXFileReference; lastKnownFileType = text.plist.xml; path = Info.plist; sourceTree = "<group>"; };
		6E5FCE041CDB7DA2002B14A4 /* homework9_1UITests.xctest */ = {isa = PBXFileReference; explicitFileType = wrapper.cfbundle; includeInIndex = 0; path = homework9_1UITests.xctest; sourceTree = BUILT_PRODUCTS_DIR; };
		6E5FCE081CDB7DA2002B14A4 /* homework9_1UITests.swift */ = {isa = PBXFileReference; lastKnownFileType = sourcecode.swift; path = homework9_1UITests.swift; sourceTree = "<group>"; };
		6E5FCE0A1CDB7DA2002B14A4 /* Info.plist */ = {isa = PBXFileReference; lastKnownFileType = text.plist.xml; path = Info.plist; sourceTree = "<group>"; };
/* End PBXFileReference section */

/* Begin PBXFrameworksBuildPhase section */
		6E5FCDE21CDB7DA2002B14A4 /* Frameworks */ = {
			isa = PBXFrameworksBuildPhase;
			buildActionMask = 2147483647;
			files = (
			);
			runOnlyForDeploymentPostprocessing = 0;
		};
		6E5FCDF61CDB7DA2002B14A4 /* Frameworks */ = {
			isa = PBXFrameworksBuildPhase;
			buildActionMask = 2147483647;
			files = (
			);
			runOnlyForDeploymentPostprocessing = 0;
		};
		6E5FCE011CDB7DA2002B14A4 /* Frameworks */ = {
			isa = PBXFrameworksBuildPhase;
			buildActionMask = 2147483647;
			files = (
			);
			runOnlyForDeploymentPostprocessing = 0;
		};
/* End PBXFrameworksBuildPhase section */

/* Begin PBXGroup section */
		6E5FCDDC1CDB7DA2002B14A4 = {
			isa = PBXGroup;
			children = (
				6E5FCDE71CDB7DA2002B14A4 /* homework9_1 */,
				6E5FCDFC1CDB7DA2002B14A4 /* homework9_1Tests */,
				6E5FCE071CDB7DA2002B14A4 /* homework9_1UITests */,
				6E5FCDE61CDB7DA2002B14A4 /* Products */,
			);
			sourceTree = "<group>";
		};
		6E5FCDE61CDB7DA2002B14A4 /* Products */ = {
			isa = PBXGroup;
			children = (
				6E5FCDE51CDB7DA2002B14A4 /* homework9_1.app */,
				6E5FCDF91CDB7DA2002B14A4 /* homework9_1Tests.xctest */,
				6E5FCE041CDB7DA2002B14A4 /* homework9_1UITests.xctest */,
			);
			name = Products;
			sourceTree = "<group>";
		};
		6E5FCDE71CDB7DA2002B14A4 /* homework9_1 */ = {
			isa = PBXGroup;
			children = (
				6E5FCDE81CDB7DA2002B14A4 /* AppDelegate.swift */,
				6E5FCDEA1CDB7DA2002B14A4 /* ViewController.swift */,
				6E5FCDEC1CDB7DA2002B14A4 /* Main.storyboard */,
				6E5FCDEF1CDB7DA2002B14A4 /* Assets.xcassets */,
				6E5FCDF11CDB7DA2002B14A4 /* LaunchScreen.storyboard */,
				6E5FCDF41CDB7DA2002B14A4 /* Info.plist */,
			);
			path = homework9_1;
			sourceTree = "<group>";
		};
		6E5FCDFC1CDB7DA2002B14A4 /* homework9_1Tests */ = {
			isa = PBXGroup;
			children = (
				6E5FCDFD1CDB7DA2002B14A4 /* homework9_1Tests.swift */,
				6E5FCDFF1CDB7DA2002B14A4 /* Info.plist */,
			);
			path = homework9_1Tests;
			sourceTree = "<group>";
		};
		6E5FCE071CDB7DA2002B14A4 /* homework9_1UITests */ = {
			isa = PBXGroup;
			children = (
				6E5FCE081CDB7DA2002B14A4 /* homework9_1UITests.swift */,
				6E5FCE0A1CDB7DA2002B14A4 /* Info.plist */,
			);
			path = homework9_1UITests;
			sourceTree = "<group>";
		};
/* End PBXGroup section */

/* Begin PBXNativeTarget section */
		6E5FCDE41CDB7DA2002B14A4 /* homework9_1 */ = {
			isa = PBXNativeTarget;
			buildConfigurationList = 6E5FCE0D1CDB7DA2002B14A4 /* Build configuration list for PBXNativeTarget "homework9_1" */;
			buildPhases = (
				6E5FCDE11CDB7DA2002B14A4 /* Sources */,
				6E5FCDE21CDB7DA2002B14A4 /* Frameworks */,
				6E5FCDE31CDB7DA2002B14A4 /* Resources */,
			);
			buildRules = (
			);
			dependencies = (
			);
			name = homework9_1;
			productName = homework9_1;
			productReference = 6E5FCDE51CDB7DA2002B14A4 /* homework9_1.app */;
			productType = "com.apple.product-type.application";
		};
		6E5FCDF81CDB7DA2002B14A4 /* homework9_1Tests */ = {
			isa = PBXNativeTarget;
			buildConfigurationList = 6E5FCE101CDB7DA2002B14A4 /* Build configuration list for PBXNativeTarget "homework9_1Tests" */;
			buildPhases = (
				6E5FCDF51CDB7DA2002B14A4 /* Sources */,
				6E5FCDF61CDB7DA2002B14A4 /* Frameworks */,
				6E5FCDF71CDB7DA2002B14A4 /* Resources */,
			);
			buildRules = (
			);
			dependencies = (
				6E5FCDFB1CDB7DA2002B14A4 /* PBXTargetDependency */,
			);
			name = homework9_1Tests;
			productName = homework9_1Tests;
			productReference = 6E5FCDF91CDB7DA2002B14A4 /* homework9_1Tests.xctest */;
			productType = "com.apple.product-type.bundle.unit-test";
		};
		6E5FCE031CDB7DA2002B14A4 /* homework9_1UITests */ = {
			isa = PBXNativeTarget;
			buildConfigurationList = 6E5FCE131CDB7DA2002B14A4 /* Build configuration list for PBXNativeTarget "homework9_1UITests" */;
			buildPhases = (
				6E5FCE001CDB7DA2002B14A4 /* Sources */,
				6E5FCE011CDB7DA2002B14A4 /* Frameworks */,
				6E5FCE021CDB7DA2002B14A4 /* Resources */,
			);
			buildRules = (
			);
			dependencies = (
				6E5FCE061CDB7DA2002B14A4 /* PBXTargetDependency */,
			);
			name = homework9_1UITests;
			productName = homework9_1UITests;
			productReference = 6E5FCE041CDB7DA2002B14A4 /* homework9_1UITests.xctest */;
			productType = "com.apple.product-type.bundle.ui-testing";
		};
/* End PBXNativeTarget section */

/* Begin PBXProject section */
		6E5FCDDD1CDB7DA2002B14A4 /* Project object */ = {
			isa = PBXProject;
			attributes = {
				LastSwiftUpdateCheck = 0730;
				LastUpgradeCheck = 0730;
				ORGANIZATIONNAME = Mike;
				TargetAttributes = {
					6E5FCDE41CDB7DA2002B14A4 = {
						CreatedOnToolsVersion = 7.3.1;
					};
					6E5FCDF81CDB7DA2002B14A4 = {
						CreatedOnToolsVersion = 7.3.1;
						TestTargetID = 6E5FCDE41CDB7DA2002B14A4;
					};
					6E5FCE031CDB7DA2002B14A4 = {
						CreatedOnToolsVersion = 7.3.1;
						TestTargetID = 6E5FCDE41CDB7DA2002B14A4;
					};
				};
			};
			buildConfigurationList = 6E5FCDE01CDB7DA2002B14A4 /* Build configuration list for PBXProject "homework9_1" */;
			compatibilityVersion = "Xcode 3.2";
			developmentRegion = English;
			hasScannedForEncodings = 0;
			knownRegions = (
				en,
				Base,
			);
			mainGroup = 6E5FCDDC1CDB7DA2002B14A4;
			productRefGroup = 6E5FCDE61CDB7DA2002B14A4 /* Products */;
			projectDirPath = "";
			projectRoot = "";
			targets = (
				6E5FCDE41CDB7DA2002B14A4 /* homework9_1 */,
				6E5FCDF81CDB7DA2002B14A4 /* homework9_1Tests */,
				6E5FCE031CDB7DA2002B14A4 /* homework9_1UITests */,
			);
		};
/* End PBXProject section */

/* Begin PBXResourcesBuildPhase section */
		6E5FCDE31CDB7DA2002B14A4 /* Resources */ = {
			isa = PBXResourcesBuildPhase;
			buildActionMask = 2147483647;
			files = (
				6E5FCDF31CDB7DA2002B14A4 /* LaunchScreen.storyboard in Resources */,
				6E5FCDF01CDB7DA2002B14A4 /* Assets.xcassets in Resources */,
				6E5FCDEE1CDB7DA2002B14A4 /* Main.storyboard in Resources */,
			);
			runOnlyForDeploymentPostprocessing = 0;
		};
		6E5FCDF71CDB7DA2002B14A4 /* Resources */ = {
			isa = PBXResourcesBuildPhase;
			buildActionMask = 2147483647;
			files = (
			);
			runOnlyForDeploymentPostprocessing = 0;
		};
		6E5FCE021CDB7DA2002B14A4 /* Resources */ = {
			isa = PBXResourcesBuildPhase;
			buildActionMask = 2147483647;
			files = (
			);
			runOnlyForDeploymentPostprocessing = 0;
		};
/* End PBXResourcesBuildPhase section */

/* Begin PBXSourcesBuildPhase section */
		6E5FCDE11CDB7DA2002B14A4 /* Sources */ = {
			isa = PBXSourcesBuildPhase;
			buildActionMask = 2147483647;
			files = (
				6E5FCDEB1CDB7DA2002B14A4 /* ViewController.swift in Sources */,
				6E5FCDE91CDB7DA2002B14A4 /* AppDelegate.swift in Sources */,
			);
			runOnlyForDeploymentPostprocessing = 0;
		};
		6E5FCDF51CDB7DA2002B14A4 /* Sources */ = {
			isa = PBXSourcesBuildPhase;
			buildActionMask = 2147483647;
			files = (
				6E5FCDFE1CDB7DA2002B14A4 /* homework9_1Tests.swift in Sources */,
			);
			runOnlyForDeploymentPostprocessing = 0;
		};
		6E5FCE001CDB7DA2002B14A4 /* Sources */ = {
			isa = PBXSourcesBuildPhase;
			buildActionMask = 2147483647;
			files = (
				6E5FCE091CDB7DA2002B14A4 /* homework9_1UITests.swift in Sources */,
			);
			runOnlyForDeploymentPostprocessing = 0;
		};
/* End PBXSourcesBuildPhase section */

/* Begin PBXTargetDependency section */
		6E5FCDFB1CDB7DA2002B14A4 /* PBXTargetDependency */ = {
			isa = PBXTargetDependency;
			target = 6E5FCDE41CDB7DA2002B14A4 /* homework9_1 */;
			targetProxy = 6E5FCDFA1CDB7DA2002B14A4 /* PBXContainerItemProxy */;
		};
		6E5FCE061CDB7DA2002B14A4 /* PBXTargetDependency */ = {
			isa = PBXTargetDependency;
			target = 6E5FCDE41CDB7DA2002B14A4 /* homework9_1 */;
			targetProxy = 6E5FCE051CDB7DA2002B14A4 /* PBXContainerItemProxy */;
		};
/* End PBXTargetDependency section */

/* Begin PBXVariantGroup section */
		6E5FCDEC1CDB7DA2002B14A4 /* Main.storyboard */ = {
			isa = PBXVariantGroup;
			children = (
				6E5FCDED1CDB7DA2002B14A4 /* Base */,
			);
			name = Main.storyboard;
			sourceTree = "<group>";
		};
		6E5FCDF11CDB7DA2002B14A4 /* LaunchScreen.storyboard */ = {
			isa = PBXVariantGroup;
			children = (
				6E5FCDF21CDB7DA2002B14A4 /* Base */,
			);
			name = LaunchScreen.storyboard;
			sourceTree = "<group>";
		};
/* End PBXVariantGroup section */

/* Begin XCBuildConfiguration section */
		6E5FCE0B1CDB7DA2002B14A4 /* Debug */ = {
			isa = XCBuildConfiguration;
			buildSettings = {
				ALWAYS_SEARCH_USER_PATHS = NO;
				CLANG_ANALYZER_NONNULL = YES;
				CLANG_CXX_LANGUAGE_STANDARD = "gnu++0x";
				CLANG_CXX_LIBRARY = "libc++";
				CLANG_ENABLE_MODULES = YES;
				CLANG_ENABLE_OBJC_ARC = YES;
				CLANG_WARN_BOOL_CONVERSION = YES;
				CLANG_WARN_CONSTANT_CONVERSION = YES;
				CLANG_WARN_DIRECT_OBJC_ISA_USAGE = YES_ERROR;
				CLANG_WARN_EMPTY_BODY = YES;
				CLANG_WARN_ENUM_CONVERSION = YES;
				CLANG_WARN_INT_CONVERSION = YES;
				CLANG_WARN_OBJC_ROOT_CLASS = YES_ERROR;
				CLANG_WARN_UNREACHABLE_CODE = YES;
				CLANG_WARN__DUPLICATE_METHOD_MATCH = YES;
				"CODE_SIGN_IDENTITY[sdk=iphoneos*]" = "iPhone Developer";
				COPY_PHASE_STRIP = NO;
				DEBUG_INFORMATION_FORMAT = dwarf;
				ENABLE_STRICT_OBJC_MSGSEND = YES;
				ENABLE_TESTABILITY = YES;
				GCC_C_LANGUAGE_STANDARD = gnu99;
				GCC_DYNAMIC_NO_PIC = NO;
				GCC_NO_COMMON_BLOCKS = YES;
				GCC_OPTIMIZATION_LEVEL = 0;
				GCC_PREPROCESSOR_DEFINITIONS = (
					"DEBUG=1",
					"$(inherited)",
				);
				GCC_WARN_64_TO_32_BIT_CONVERSION = YES;
				GCC_WARN_ABOUT_RETURN_TYPE = YES_ERROR;
				GCC_WARN_UNDECLARED_SELECTOR = YES;
				GCC_WARN_UNINITIALIZED_AUTOS = YES_AGGRESSIVE;
				GCC_WARN_UNUSED_FUNCTION = YES;
				GCC_WARN_UNUSED_VARIABLE = YES;
				IPHONEOS_DEPLOYMENT_TARGET = 9.3;
				MTL_ENABLE_DEBUG_INFO = YES;
				ONLY_ACTIVE_ARCH = YES;
				SDKROOT = iphoneos;
				SWIFT_OPTIMIZATION_LEVEL = "-Onone";
			};
			name = Debug;
		};
		6E5FCE0C1CDB7DA2002B14A4 /* Release */ = {
			isa = XCBuildConfiguration;
			buildSettings = {
				ALWAYS_SEARCH_USER_PATHS = NO;
				CLANG_ANALYZER_NONNULL = YES;
				CLANG_CXX_LANGUAGE_STANDARD = "gnu++0x";
				CLANG_CXX_LIBRARY = "libc++";
				CLANG_ENABLE_MODULES = YES;
				CLANG_ENABLE_OBJC_ARC = YES;
				CLANG_WARN_BOOL_CONVERSION = YES;
				CLANG_WARN_CONSTANT_CONVERSION = YES;
				CLANG_WARN_DIRECT_OBJC_ISA_USAGE = YES_ERROR;
				CLANG_WARN_EMPTY_BODY = YES;
				CLANG_WARN_ENUM_CONVERSION = YES;
				CLANG_WARN_INT_CONVERSION = YES;
				CLANG_WARN_OBJC_ROOT_CLASS = YES_ERROR;
				CLANG_WARN_UNREACHABLE_CODE = YES;
				CLANG_WARN__DUPLICATE_METHOD_MATCH = YES;
				"CODE_SIGN_IDENTITY[sdk=iphoneos*]" = "iPhone Developer";
				COPY_PHASE_STRIP = NO;
				DEBUG_INFORMATION_FORMAT = "dwarf-with-dsym";
				ENABLE_NS_ASSERTIONS = NO;
				ENABLE_STRICT_OBJC_MSGSEND = YES;
				GCC_C_LANGUAGE_STANDARD = gnu99;
				GCC_NO_COMMON_BLOCKS = YES;
				GCC_WARN_64_TO_32_BIT_CONVERSION = YES;
				GCC_WARN_ABOUT_RETURN_TYPE = YES_ERROR;
				GCC_WARN_UNDECLARED_SELECTOR = YES;
				GCC_WARN_UNINITIALIZED_AUTOS = YES_AGGRESSIVE;
				GCC_WARN_UNUSED_FUNCTION = YES;
				GCC_WARN_UNUSED_VARIABLE = YES;
				IPHONEOS_DEPLOYMENT_TARGET = 9.3;
				MTL_ENABLE_DEBUG_INFO = NO;
				SDKROOT = iphoneos;
				VALIDATE_PRODUCT = YES;
			};
			name = Release;
		};
		6E5FCE0E1CDB7DA2002B14A4 /* Debug */ = {
			isa = XCBuildConfiguration;
			buildSettings = {
				ASSETCATALOG_COMPILER_APPICON_NAME = AppIcon;
				INFOPLIST_FILE = homework9_1/Info.plist;
				LD_RUNPATH_SEARCH_PATHS = "$(inherited) @executable_path/Frameworks";
				PRODUCT_BUNDLE_IDENTIFIER = "com.Mike.homework9-1";
				PRODUCT_NAME = "$(TARGET_NAME)";
			};
			name = Debug;
		};
		6E5FCE0F1CDB7DA2002B14A4 /* Release */ = {
			isa = XCBuildConfiguration;
			buildSettings = {
				ASSETCATALOG_COMPILER_APPICON_NAME = AppIcon;
				INFOPLIST_FILE = homework9_1/Info.plist;
				LD_RUNPATH_SEARCH_PATHS = "$(inherited) @executable_path/Frameworks";
				PRODUCT_BUNDLE_IDENTIFIER = "com.Mike.homework9-1";
				PRODUCT_NAME = "$(TARGET_NAME)";
			};
			name = Release;
		};
		6E5FCE111CDB7DA2002B14A4 /* Debug */ = {
			isa = XCBuildConfiguration;
			buildSettings = {
				BUNDLE_LOADER = "$(TEST_HOST)";
				INFOPLIST_FILE = homework9_1Tests/Info.plist;
				LD_RUNPATH_SEARCH_PATHS = "$(inherited) @executable_path/Frameworks @loader_path/Frameworks";
				PRODUCT_BUNDLE_IDENTIFIER = "com.Mike.homework9-1Tests";
				PRODUCT_NAME = "$(TARGET_NAME)";
				TEST_HOST = "$(BUILT_PRODUCTS_DIR)/homework9_1.app/homework9_1";
			};
			name = Debug;
		};
		6E5FCE121CDB7DA2002B14A4 /* Release */ = {
			isa = XCBuildConfiguration;
			buildSettings = {
				BUNDLE_LOADER = "$(TEST_HOST)";
				INFOPLIST_FILE = homework9_1Tests/Info.plist;
				LD_RUNPATH_SEARCH_PATHS = "$(inherited) @executable_path/Frameworks @loader_path/Frameworks";
				PRODUCT_BUNDLE_IDENTIFIER = "com.Mike.homework9-1Tests";
				PRODUCT_NAME = "$(TARGET_NAME)";
				TEST_HOST = "$(BUILT_PRODUCTS_DIR)/homework9_1.app/homework9_1";
			};
			name = Release;
		};
		6E5FCE141CDB7DA2002B14A4 /* Debug */ = {
			isa = XCBuildConfiguration;
			buildSettings = {
				INFOPLIST_FILE = homework9_1UITests/Info.plist;
				LD_RUNPATH_SEARCH_PATHS = "$(inherited) @executable_path/Frameworks @loader_path/Frameworks";
				PRODUCT_BUNDLE_IDENTIFIER = "com.Mike.homework9-1UITests";
				PRODUCT_NAME = "$(TARGET_NAME)";
				TEST_TARGET_NAME = homework9_1;
			};
			name = Debug;
		};
		6E5FCE151CDB7DA2002B14A4 /* Release */ = {
			isa = XCBuildConfiguration;
			buildSettings = {
				INFOPLIST_FILE = homework9_1UITests/Info.plist;
				LD_RUNPATH_SEARCH_PATHS = "$(inherited) @executable_path/Frameworks @loader_path/Frameworks";
				PRODUCT_BUNDLE_IDENTIFIER = "com.Mike.homework9-1UITests";
				PRODUCT_NAME = "$(TARGET_NAME)";
				TEST_TARGET_NAME = homework9_1;
			};
			name = Release;
		};
/* End XCBuildConfiguration section */

/* Begin XCConfigurationList section */
		6E5FCDE01CDB7DA2002B14A4 /* Build configuration list for PBXProject "homework9_1" */ = {
			isa = XCConfigurationList;
			buildConfigurations = (
				6E5FCE0B1CDB7DA2002B14A4 /* Debug */,
				6E5FCE0C1CDB7DA2002B14A4 /* Release */,
			);
			defaultConfigurationIsVisible = 0;
			defaultConfigurationName = Release;
		};
		6E5FCE0D1CDB7DA2002B14A4 /* Build configuration list for PBXNativeTarget "homework9_1" */ = {
			isa = XCConfigurationList;
			buildConfigurations = (
				6E5FCE0E1CDB7DA2002B14A4 /* Debug */,
				6E5FCE0F1CDB7DA2002B14A4 /* Release */,
			);
			defaultConfigurationIsVisible = 0;
		};
		6E5FCE101CDB7DA2002B14A4 /* Build configuration list for PBXNativeTarget "homework9_1Tests" */ = {
			isa = XCConfigurationList;
			buildConfigurations = (
				6E5FCE111CDB7DA2002B14A4 /* Debug */,
				6E5FCE121CDB7DA2002B14A4 /* Release */,
			);
			defaultConfigurationIsVisible = 0;
		};
		6E5FCE131CDB7DA2002B14A4 /* Build configuration list for PBXNativeTarget "homework9_1UITests" */ = {
			isa = XCConfigurationList;
			buildConfigurations = (
				6E5FCE141CDB7DA2002B14A4 /* Debug */,
				6E5FCE151CDB7DA2002B14A4 /* Release */,
			);
			defaultConfigurationIsVisible = 0;
		};
/* End XCConfigurationList section */
	};
	rootObject = 6E5FCDDD1CDB7DA2002B14A4 /* Project object */;
}
